
Microsoft Visual Studio Solution File, Format Version 12.00
# Visual Studio Version 16
VisualStudioVersion = 16.0.31729.503
MinimumVisualStudioVersion = 10.0.40219.1
Project("{FAE04EC0-301F-11D3-BF4B-00C04F79EFBC}") = "Problema1", "Problema1\Problema1.csproj", "{70C55F4D-CE3E-4FE2-AC56-41A7A7554E6B}"
EndProject
Global
	GlobalSection(SolutionConfigurationPlatforms) = preSolution
		Debug|Any CPU = Debug|Any CPU
		Release|Any CPU = Release|Any CPU
	EndGlobalSection
	GlobalSection(ProjectConfigurationPlatforms) = postSolution
		{70C55F4D-CE3E-4FE2-AC56-41A7A7554E6B}.Debug|Any CPU.ActiveCfg = Debug|Any CPU
		{70C55F4D-CE3E-4FE2-AC56-41A7A7554E6B}.Debug|Any CPU.Build.0 = Debug|Any CPU
		{70C55F4D-CE3E-4FE2-AC56-41A7A7554E6B}.Release|Any CPU.ActiveCfg = Release|Any CPU
		{70C55F4D-CE3E-4FE2-AC56-41A7A7554E6B}.Release|Any CPU.Build.0 = Release|Any CPU
	EndGlobalSection
	GlobalSection(SolutionProperties) = preSolution
		HideSolutionNode = FALSE
	EndGlobalSection
	GlobalSection(ExtensibilityGlobals) = postSolution
		SolutionGuid = {734A26BE-5CC6-40E1-B1A7-67918E34160D}
	EndGlobalSection
EndGlobal
